# This file is automatically @generated by Cargo.
# It is not intended for manual editing.
version = 4

[[package]]
name = "dsa-hands-on"
version = "0.1.0"

[[package]]
name = "heaps-and-stacks"
version = "0.1.0"

[[package]]
name = "interior-mutability"
version = "0.1.0"

[[package]]
name = "moving-data"
version = "0.1.0"

[[package]]
name = "multiple-owners"
version = "0.1.0"

[[package]]
name = "objects-and-behavior"
version = "0.1.0"

[[package]]
name = "using-map"
version = "0.1.0"
